
Microsoft Visual Studio Solution File, Format Version 12.00
# Visual Studio Version 17
VisualStudioVersion = 17.5.002.0
MinimumVisualStudioVersion = 10.0.40219.1
Project("{9A19103F-16F7-4668-BE54-9A1E7A4F7556}") = "Lecture 1", "Lecture 1.csproj", "{F6AEDEBC-0BC8-4D9D-B56F-C0C8F0B4D848}"
EndProject
Project("{FAE04EC0-301F-11D3-BF4B-00C04F79EFBC}") = "Lecture 2", "..\Lecture 2\Lecture 2.csproj", "{1FBEAE92-B3DC-4014-BAA3-FEE3EDD3A1EE}"
EndProject
Global
	GlobalSection(SolutionConfigurationPlatforms) = preSolution
		Debug|Any CPU = Debug|Any CPU
		Release|Any CPU = Release|Any CPU
	EndGlobalSection
	GlobalSection(ProjectConfigurationPlatforms) = postSolution
		{F6AEDEBC-0BC8-4D9D-B56F-C0C8F0B4D848}.Debug|Any CPU.ActiveCfg = Debug|Any CPU
		{F6AEDEBC-0BC8-4D9D-B56F-C0C8F0B4D848}.Debug|Any CPU.Build.0 = Debug|Any CPU
		{F6AEDEBC-0BC8-4D9D-B56F-C0C8F0B4D848}.Release|Any CPU.ActiveCfg = Release|Any CPU
		{F6AEDEBC-0BC8-4D9D-B56F-C0C8F0B4D848}.Release|Any CPU.Build.0 = Release|Any CPU
		{1FBEAE92-B3DC-4014-BAA3-FEE3EDD3A1EE}.Debug|Any CPU.ActiveCfg = Debug|Any CPU
		{1FBEAE92-B3DC-4014-BAA3-FEE3EDD3A1EE}.Debug|Any CPU.Build.0 = Debug|Any CPU
		{1FBEAE92-B3DC-4014-BAA3-FEE3EDD3A1EE}.Release|Any CPU.ActiveCfg = Release|Any CPU
		{1FBEAE92-B3DC-4014-BAA3-FEE3EDD3A1EE}.Release|Any CPU.Build.0 = Release|Any CPU
	EndGlobalSection
	GlobalSection(SolutionProperties) = preSolution
		HideSolutionNode = FALSE
	EndGlobalSection
	GlobalSection(ExtensibilityGlobals) = postSolution
		SolutionGuid = {CA1165B0-C818-4B70-8F13-AA279369AAFD}
	EndGlobalSection
EndGlobal
